
Microsoft Visual Studio Solution File, Format Version 12.00
# Visual Studio Version 16
VisualStudioVersion = 16.0.29326.143
MinimumVisualStudioVersion = 10.0.40219.1
Project("{FAE04EC0-301F-11D3-BF4B-00C04F79EFBC}") = "WindowsFormsApp2", "WindowsFormsApp2.csproj", "{8ED4A70A-E7CC-47A6-ACAB-31AF2DF9469C}"
EndProject
Global
	GlobalSection(SolutionConfigurationPlatforms) = preSolution
		Debug|Any CPU = Debug|Any CPU
		Release|Any CPU = Release|Any CPU
	EndGlobalSection
	GlobalSection(ProjectConfigurationPlatforms) = postSolution
		{8ED4A70A-E7CC-47A6-ACAB-31AF2DF9469C}.Debug|Any CPU.ActiveCfg = Debug|Any CPU
		{8ED4A70A-E7CC-47A6-ACAB-31AF2DF9469C}.Debug|Any CPU.Build.0 = Debug|Any CPU
		{8ED4A70A-E7CC-47A6-ACAB-31AF2DF9469C}.Release|Any CPU.ActiveCfg = Release|Any CPU
		{8ED4A70A-E7CC-47A6-ACAB-31AF2DF9469C}.Release|Any CPU.Build.0 = Release|Any CPU
	EndGlobalSection
	GlobalSection(SolutionProperties) = preSolution
		HideSolutionNode = FALSE
	EndGlobalSection
	GlobalSection(ExtensibilityGlobals) = postSolution
		SolutionGuid = {129B714D-FDFD-4D24-8D21-8BD6EF4777AB}
	EndGlobalSection
EndGlobal
